{
  "requires": true,
  "lockfileVersion": 1,
  "dependencies": {
    "axios": {
      "version": "0.21.4",
      "resolved": "https://registry.npmjs.org/axios/-/axios-0.21.4.tgz",
      "integrity": "sha512-ut5vewkiu8jjGBdqpM44XxjuCjq9LAKeHVmoVfHVzy8eHgxxq8SbAVQNovDA8mVi05kP0Ea/n/UzcSHcTJQfNg==",
      "requires": {
        "follow-redirects": "^1.14.0"
      }
    },
    "follow-redirects": {
      "version": "1.15.1",
      "resolved": "https://registry.npmjs.org/follow-redirects/-/follow-redirects-1.15.1.tgz",
      "integrity": "sha512-yLAMQs+k0b2m7cVxpS1VKJVvoz7SS9Td1zss3XRwXj+ZDH00RJgnuLx7E44wx02kQLrdM3aOOy+FpzS7+8OizA=="
    },
    "plaid": {
      "version": "10.5.0",
      "resolved": "https://registry.npmjs.org/plaid/-/plaid-10.5.0.tgz",
      "integrity": "sha512-lOYOTC9l2JUkYpGFCXLOleSM6eDMbITPi6X9DStIujxUaj8flRk1k9rmnaGkjqfYhixjU3CWjlUoRNWS1eAFmQ==",
      "requires": {
        "axios": "0.21.4"
      }
    }
  }
}
